
Microsoft Visual Studio Solution File, Format Version 12.00
# Visual Studio 15
VisualStudioVersion = 15.0.28307.1209
MinimumVisualStudioVersion = 10.0.40219.1
Project("{FAE04EC0-301F-11D3-BF4B-00C04F79EFBC}") = "AbreviacoesTCP", "AbreviacoesTCP\AbreviacoesTCP.csproj", "{F94C9E72-CAFB-41D3-9474-DDAFA5B22E49}"
EndProject
Global
	GlobalSection(SolutionConfigurationPlatforms) = preSolution
		Debug|Any CPU = Debug|Any CPU
		Release|Any CPU = Release|Any CPU
	EndGlobalSection
	GlobalSection(ProjectConfigurationPlatforms) = postSolution
		{F94C9E72-CAFB-41D3-9474-DDAFA5B22E49}.Debug|Any CPU.ActiveCfg = Debug|Any CPU
		{F94C9E72-CAFB-41D3-9474-DDAFA5B22E49}.Debug|Any CPU.Build.0 = Debug|Any CPU
		{F94C9E72-CAFB-41D3-9474-DDAFA5B22E49}.Release|Any CPU.ActiveCfg = Release|Any CPU
		{F94C9E72-CAFB-41D3-9474-DDAFA5B22E49}.Release|Any CPU.Build.0 = Release|Any CPU
	EndGlobalSection
	GlobalSection(SolutionProperties) = preSolution
		HideSolutionNode = FALSE
	EndGlobalSection
	GlobalSection(ExtensibilityGlobals) = postSolution
		SolutionGuid = {6BB1DB88-FD65-49BD-AE89-0E75496C8E46}
	EndGlobalSection
EndGlobal
